
Microsoft Visual Studio Solution File, Format Version 12.00
# Visual Studio 15
VisualStudioVersion = 15.0.28010.2019
MinimumVisualStudioVersion = 10.0.40219.1
Project("{9A19103F-16F7-4668-BE54-9A1E7A4F7556}") = "BowlingScoreProject", "BowlingScoreProject\BowlingScoreProject.csproj", "{EC3BBA14-ABAB-4B05-8398-B0364F8223F5}"
EndProject
Project("{9A19103F-16F7-4668-BE54-9A1E7A4F7556}") = "WordCountProject", "WordCountProject\WordCountProject.csproj", "{0E1D7F6E-DD1C-47DC-B17D-76C2DF865EAF}"
EndProject
Project("{FAE04EC0-301F-11D3-BF4B-00C04F79EFBC}") = "BankProject", "BankProject\BankProject.csproj", "{8F9BA849-CC03-462B-A58F-1CCDE220BA96}"
EndProject
Global
	GlobalSection(SolutionConfigurationPlatforms) = preSolution
		Debug|Any CPU = Debug|Any CPU
		Release|Any CPU = Release|Any CPU
	EndGlobalSection
	GlobalSection(ProjectConfigurationPlatforms) = postSolution
		{EC3BBA14-ABAB-4B05-8398-B0364F8223F5}.Debug|Any CPU.ActiveCfg = Debug|Any CPU
		{EC3BBA14-ABAB-4B05-8398-B0364F8223F5}.Debug|Any CPU.Build.0 = Debug|Any CPU
		{EC3BBA14-ABAB-4B05-8398-B0364F8223F5}.Release|Any CPU.ActiveCfg = Release|Any CPU
		{EC3BBA14-ABAB-4B05-8398-B0364F8223F5}.Release|Any CPU.Build.0 = Release|Any CPU
		{0E1D7F6E-DD1C-47DC-B17D-76C2DF865EAF}.Debug|Any CPU.ActiveCfg = Debug|Any CPU
		{0E1D7F6E-DD1C-47DC-B17D-76C2DF865EAF}.Debug|Any CPU.Build.0 = Debug|Any CPU
		{0E1D7F6E-DD1C-47DC-B17D-76C2DF865EAF}.Release|Any CPU.ActiveCfg = Release|Any CPU
		{0E1D7F6E-DD1C-47DC-B17D-76C2DF865EAF}.Release|Any CPU.Build.0 = Release|Any CPU
		{8F9BA849-CC03-462B-A58F-1CCDE220BA96}.Debug|Any CPU.ActiveCfg = Debug|Any CPU
		{8F9BA849-CC03-462B-A58F-1CCDE220BA96}.Debug|Any CPU.Build.0 = Debug|Any CPU
		{8F9BA849-CC03-462B-A58F-1CCDE220BA96}.Release|Any CPU.ActiveCfg = Release|Any CPU
		{8F9BA849-CC03-462B-A58F-1CCDE220BA96}.Release|Any CPU.Build.0 = Release|Any CPU
	EndGlobalSection
	GlobalSection(SolutionProperties) = preSolution
		HideSolutionNode = FALSE
	EndGlobalSection
	GlobalSection(ExtensibilityGlobals) = postSolution
		SolutionGuid = {8E1734B8-4687-4263-A39E-BF9D9A9C3464}
	EndGlobalSection
EndGlobal
